
Microsoft Visual Studio Solution File, Format Version 12.00
# Visual Studio Version 16
VisualStudioVersion = 16.0.30406.217
MinimumVisualStudioVersion = 10.0.40219.1
Project("{2150E333-8FDC-42A3-9474-1A3956D46DE8}") = "src", "src", "{62CAA19C-045C-4E32-A0E8-660CD5188597}"
EndProject
Project("{2150E333-8FDC-42A3-9474-1A3956D46DE8}") = "test", "test", "{0E35A2D4-8553-4D7E-8156-55648A045E7A}"
EndProject
Project("{2150E333-8FDC-42A3-9474-1A3956D46DE8}") = "docs", "docs", "{63D97B1B-097C-4645-A573-101090628DB0}"
	ProjectSection(SolutionItems) = preProject
		docs\InitialData-1.sql = docs\InitialData-1.sql
		docs\Migration.txt = docs\Migration.txt
	EndProjectSection
EndProject
Project("{2150E333-8FDC-42A3-9474-1A3956D46DE8}") = "api", "api", "{F67DF479-584E-495E-A416-20554AF020EF}"
EndProject
Project("{2150E333-8FDC-42A3-9474-1A3956D46DE8}") = "data", "data", "{8A6225F6-73E8-4FF5-AB1B-6B1B637AEEBF}"
EndProject
Project("{2150E333-8FDC-42A3-9474-1A3956D46DE8}") = "client", "client", "{139181F3-3499-4510-9EA3-A10ACFA22C16}"
EndProject
Project("{9A19103F-16F7-4668-BE54-9A1E7A4F7556}") = "Yms.Api", "src\api\Yms.Api\Yms.Api.csproj", "{BC6107CA-CB72-4143-8100-BF0630BAFD5F}"
EndProject
Project("{9A19103F-16F7-4668-BE54-9A1E7A4F7556}") = "Yms.Web", "src\client\Yms.Web\Yms.Web.csproj", "{1870680E-3559-4867-A899-15130A80B8A4}"
EndProject
Project("{9A19103F-16F7-4668-BE54-9A1E7A4F7556}") = "Yms.Data.Entities", "src\data\Yms.Data.Entities\Yms.Data.Entities.csproj", "{BDFF506D-07F4-40A9-BDB2-89D47192F4F0}"
EndProject
Project("{9A19103F-16F7-4668-BE54-9A1E7A4F7556}") = "Yms.Data.Context", "src\data\Yms.Data.Context\Yms.Data.Context.csproj", "{514E772A-F5A1-44EB-B7B0-4F245007CF81}"
EndProject
Project("{2150E333-8FDC-42A3-9474-1A3956D46DE8}") = "services", "services", "{1FDC20D8-70CD-4649-9A49-4C5A55D8340A}"
EndProject
Project("{9A19103F-16F7-4668-BE54-9A1E7A4F7556}") = "Yms.Services.Production", "src\services\Yms.Services.Production\Yms.Services.Production.csproj", "{7D1574F1-5958-4252-A99C-AF746F718608}"
EndProject
Project("{9A19103F-16F7-4668-BE54-9A1E7A4F7556}") = "Yms.Services.OrderManagement", "src\services\Yms.Services.OrderManagement\Yms.Services.OrderManagement.csproj", "{652591AA-153F-4B47-A17D-789772A8F46A}"
EndProject
Project("{9A19103F-16F7-4668-BE54-9A1E7A4F7556}") = "Yms.Data.Entity.Abstractions", "src\data\Yms.Data.Entity.Abstractions\Yms.Data.Entity.Abstractions.csproj", "{E7F65434-17AF-4A3C-B23B-146321E52442}"
EndProject
Project("{2150E333-8FDC-42A3-9474-1A3956D46DE8}") = "common", "common", "{0221B15B-E864-4F3A-8317-0939A30A27C3}"
EndProject
Project("{9A19103F-16F7-4668-BE54-9A1E7A4F7556}") = "Yms.Common.Contracts", "src\common\Yms.Common.Contracts\Yms.Common.Contracts.csproj", "{BA132CDC-3E96-44E1-8B85-EF0CCDACE895}"
EndProject
Project("{2150E333-8FDC-42A3-9474-1A3956D46DE8}") = "contracts", "contracts", "{EC8F6893-DD2D-49B5-A3EF-A5F082986D86}"
EndProject
Project("{9A19103F-16F7-4668-BE54-9A1E7A4F7556}") = "Yms.Contracts.Production", "src\services\contracts\Yms.Contracts.Production\Yms.Contracts.Production.csproj", "{A4F64B25-491D-420E-B3A9-EFE5074FACDC}"
EndProject
Project("{FAE04EC0-301F-11D3-BF4B-00C04F79EFBC}") = "Yms.Services.Common", "src\services\Yms.Services.Common\Yms.Services.Common.csproj", "{72088D5A-6EDD-4DED-B615-83DA7D943177}"
EndProject
Global
	GlobalSection(SolutionConfigurationPlatforms) = preSolution
		Debug|Any CPU = Debug|Any CPU
		Release|Any CPU = Release|Any CPU
	EndGlobalSection
	GlobalSection(ProjectConfigurationPlatforms) = postSolution
		{BC6107CA-CB72-4143-8100-BF0630BAFD5F}.Debug|Any CPU.ActiveCfg = Debug|Any CPU
		{BC6107CA-CB72-4143-8100-BF0630BAFD5F}.Debug|Any CPU.Build.0 = Debug|Any CPU
		{BC6107CA-CB72-4143-8100-BF0630BAFD5F}.Release|Any CPU.ActiveCfg = Release|Any CPU
		{BC6107CA-CB72-4143-8100-BF0630BAFD5F}.Release|Any CPU.Build.0 = Release|Any CPU
		{1870680E-3559-4867-A899-15130A80B8A4}.Debug|Any CPU.ActiveCfg = Debug|Any CPU
		{1870680E-3559-4867-A899-15130A80B8A4}.Debug|Any CPU.Build.0 = Debug|Any CPU
		{1870680E-3559-4867-A899-15130A80B8A4}.Release|Any CPU.ActiveCfg = Release|Any CPU
		{1870680E-3559-4867-A899-15130A80B8A4}.Release|Any CPU.Build.0 = Release|Any CPU
		{BDFF506D-07F4-40A9-BDB2-89D47192F4F0}.Debug|Any CPU.ActiveCfg = Debug|Any CPU
		{BDFF506D-07F4-40A9-BDB2-89D47192F4F0}.Debug|Any CPU.Build.0 = Debug|Any CPU
		{BDFF506D-07F4-40A9-BDB2-89D47192F4F0}.Release|Any CPU.ActiveCfg = Release|Any CPU
		{BDFF506D-07F4-40A9-BDB2-89D47192F4F0}.Release|Any CPU.Build.0 = Release|Any CPU
		{514E772A-F5A1-44EB-B7B0-4F245007CF81}.Debug|Any CPU.ActiveCfg = Debug|Any CPU
		{514E772A-F5A1-44EB-B7B0-4F245007CF81}.Debug|Any CPU.Build.0 = Debug|Any CPU
		{514E772A-F5A1-44EB-B7B0-4F245007CF81}.Release|Any CPU.ActiveCfg = Release|Any CPU
		{514E772A-F5A1-44EB-B7B0-4F245007CF81}.Release|Any CPU.Build.0 = Release|Any CPU
		{7D1574F1-5958-4252-A99C-AF746F718608}.Debug|Any CPU.ActiveCfg = Debug|Any CPU
		{7D1574F1-5958-4252-A99C-AF746F718608}.Debug|Any CPU.Build.0 = Debug|Any CPU
		{7D1574F1-5958-4252-A99C-AF746F718608}.Release|Any CPU.ActiveCfg = Release|Any CPU
		{7D1574F1-5958-4252-A99C-AF746F718608}.Release|Any CPU.Build.0 = Release|Any CPU
		{652591AA-153F-4B47-A17D-789772A8F46A}.Debug|Any CPU.ActiveCfg = Debug|Any CPU
		{652591AA-153F-4B47-A17D-789772A8F46A}.Debug|Any CPU.Build.0 = Debug|Any CPU
		{652591AA-153F-4B47-A17D-789772A8F46A}.Release|Any CPU.ActiveCfg = Release|Any CPU
		{652591AA-153F-4B47-A17D-789772A8F46A}.Release|Any CPU.Build.0 = Release|Any CPU
		{E7F65434-17AF-4A3C-B23B-146321E52442}.Debug|Any CPU.ActiveCfg = Debug|Any CPU
		{E7F65434-17AF-4A3C-B23B-146321E52442}.Debug|Any CPU.Build.0 = Debug|Any CPU
		{E7F65434-17AF-4A3C-B23B-146321E52442}.Release|Any CPU.ActiveCfg = Release|Any CPU
		{E7F65434-17AF-4A3C-B23B-146321E52442}.Release|Any CPU.Build.0 = Release|Any CPU
		{BA132CDC-3E96-44E1-8B85-EF0CCDACE895}.Debug|Any CPU.ActiveCfg = Debug|Any CPU
		{BA132CDC-3E96-44E1-8B85-EF0CCDACE895}.Debug|Any CPU.Build.0 = Debug|Any CPU
		{BA132CDC-3E96-44E1-8B85-EF0CCDACE895}.Release|Any CPU.ActiveCfg = Release|Any CPU
		{BA132CDC-3E96-44E1-8B85-EF0CCDACE895}.Release|Any CPU.Build.0 = Release|Any CPU
		{A4F64B25-491D-420E-B3A9-EFE5074FACDC}.Debug|Any CPU.ActiveCfg = Debug|Any CPU
		{A4F64B25-491D-420E-B3A9-EFE5074FACDC}.Debug|Any CPU.Build.0 = Debug|Any CPU
		{A4F64B25-491D-420E-B3A9-EFE5074FACDC}.Release|Any CPU.ActiveCfg = Release|Any CPU
		{A4F64B25-491D-420E-B3A9-EFE5074FACDC}.Release|Any CPU.Build.0 = Release|Any CPU
		{72088D5A-6EDD-4DED-B615-83DA7D943177}.Debug|Any CPU.ActiveCfg = Debug|Any CPU
		{72088D5A-6EDD-4DED-B615-83DA7D943177}.Debug|Any CPU.Build.0 = Debug|Any CPU
		{72088D5A-6EDD-4DED-B615-83DA7D943177}.Release|Any CPU.ActiveCfg = Release|Any CPU
		{72088D5A-6EDD-4DED-B615-83DA7D943177}.Release|Any CPU.Build.0 = Release|Any CPU
	EndGlobalSection
	GlobalSection(SolutionProperties) = preSolution
		HideSolutionNode = FALSE
	EndGlobalSection
	GlobalSection(NestedProjects) = preSolution
		{F67DF479-584E-495E-A416-20554AF020EF} = {62CAA19C-045C-4E32-A0E8-660CD5188597}
		{8A6225F6-73E8-4FF5-AB1B-6B1B637AEEBF} = {62CAA19C-045C-4E32-A0E8-660CD5188597}
		{139181F3-3499-4510-9EA3-A10ACFA22C16} = {62CAA19C-045C-4E32-A0E8-660CD5188597}
		{BC6107CA-CB72-4143-8100-BF0630BAFD5F} = {F67DF479-584E-495E-A416-20554AF020EF}
		{1870680E-3559-4867-A899-15130A80B8A4} = {139181F3-3499-4510-9EA3-A10ACFA22C16}
		{BDFF506D-07F4-40A9-BDB2-89D47192F4F0} = {8A6225F6-73E8-4FF5-AB1B-6B1B637AEEBF}
		{514E772A-F5A1-44EB-B7B0-4F245007CF81} = {8A6225F6-73E8-4FF5-AB1B-6B1B637AEEBF}
		{1FDC20D8-70CD-4649-9A49-4C5A55D8340A} = {62CAA19C-045C-4E32-A0E8-660CD5188597}
		{7D1574F1-5958-4252-A99C-AF746F718608} = {1FDC20D8-70CD-4649-9A49-4C5A55D8340A}
		{652591AA-153F-4B47-A17D-789772A8F46A} = {1FDC20D8-70CD-4649-9A49-4C5A55D8340A}
		{E7F65434-17AF-4A3C-B23B-146321E52442} = {8A6225F6-73E8-4FF5-AB1B-6B1B637AEEBF}
		{0221B15B-E864-4F3A-8317-0939A30A27C3} = {62CAA19C-045C-4E32-A0E8-660CD5188597}
		{BA132CDC-3E96-44E1-8B85-EF0CCDACE895} = {0221B15B-E864-4F3A-8317-0939A30A27C3}
		{EC8F6893-DD2D-49B5-A3EF-A5F082986D86} = {1FDC20D8-70CD-4649-9A49-4C5A55D8340A}
		{A4F64B25-491D-420E-B3A9-EFE5074FACDC} = {EC8F6893-DD2D-49B5-A3EF-A5F082986D86}
		{72088D5A-6EDD-4DED-B615-83DA7D943177} = {1FDC20D8-70CD-4649-9A49-4C5A55D8340A}
	EndGlobalSection
	GlobalSection(ExtensibilityGlobals) = postSolution
		SolutionGuid = {D8E871ED-10DD-4808-A76A-B8FD18406875}
	EndGlobalSection
EndGlobal
